// !$*UTF8*$!
{
	archiveVersion = 1;
	classes = {
	};
	objectVersion = 56;
	objects = {

/* Begin PBXBuildFile section */
		DE9F84712A1A22A5005F3F03 /* WalletUI.framework in Frameworks */ = {isa = PBXBuildFile; fileRef = DE9F84702A1A22A5005F3F03 /* WalletUI.framework */; };
		DE9F84722A1A22A5005F3F03 /* WalletUI.framework in Embed Frameworks */ = {isa = PBXBuildFile; fileRef = DE9F84702A1A22A5005F3F03 /* WalletUI.framework */; settings = {ATTRIBUTES = (CodeSignOnCopy, RemoveHeadersOnCopy, ); }; };
		DE9F847B2A1A2416005F3F03 /* WalletUtils.framework in Frameworks */ = {isa = PBXBuildFile; fileRef = DE9F847A2A1A2416005F3F03 /* WalletUtils.framework */; };
		DE9F847C2A1A2416005F3F03 /* WalletUtils.framework in Embed Frameworks */ = {isa = PBXBuildFile; fileRef = DE9F847A2A1A2416005F3F03 /* WalletUtils.framework */; settings = {ATTRIBUTES = (CodeSignOnCopy, RemoveHeadersOnCopy, ); }; };
		DEC27E1B2A1A218400DBD0CA /* SwiftSignalKit.framework in Frameworks */ = {isa = PBXBuildFile; fileRef = DEC27E1A2A1A218400DBD0CA /* SwiftSignalKit.framework */; };
		DEC27E1C2A1A218400DBD0CA /* SwiftSignalKit.framework in Embed Frameworks */ = {isa = PBXBuildFile; fileRef = DEC27E1A2A1A218400DBD0CA /* SwiftSignalKit.framework */; settings = {ATTRIBUTES = (CodeSignOnCopy, RemoveHeadersOnCopy, ); }; };
		DEEB39562A19586600532E7B /* QrCode.docc in Sources */ = {isa = PBXBuildFile; fileRef = DEEB39552A19586600532E7B /* QrCode.docc */; };
		DEEB39572A19586600532E7B /* QrCode.h in Headers */ = {isa = PBXBuildFile; fileRef = DEEB39542A19586600532E7B /* QrCode.h */; settings = {ATTRIBUTES = (Public, ); }; };
		DEEB395E2A19586D00532E7B /* QrCode.swift in Sources */ = {isa = PBXBuildFile; fileRef = DEEB395D2A19586D00532E7B /* QrCode.swift */; };
/* End PBXBuildFile section */

/* Begin PBXCopyFilesBuildPhase section */
		DEC27E1D2A1A218400DBD0CA /* Embed Frameworks */ = {
			isa = PBXCopyFilesBuildPhase;
			buildActionMask = 2147483647;
			dstPath = "";
			dstSubfolderSpec = 10;
			files = (
				DEC27E1C2A1A218400DBD0CA /* SwiftSignalKit.framework in Embed Frameworks */,
				DE9F84722A1A22A5005F3F03 /* WalletUI.framework in Embed Frameworks */,
				DE9F847C2A1A2416005F3F03 /* WalletUtils.framework in Embed Frameworks */,
			);
			name = "Embed Frameworks";
			runOnlyForDeploymentPostprocessing = 0;
		};
/* End PBXCopyFilesBuildPhase section */

/* Begin PBXFileReference section */
		DE9F84702A1A22A5005F3F03 /* WalletUI.framework */ = {isa = PBXFileReference; explicitFileType = wrapper.framework; path = WalletUI.framework; sourceTree = BUILT_PRODUCTS_DIR; };
		DE9F847A2A1A2416005F3F03 /* WalletUtils.framework */ = {isa = PBXFileReference; explicitFileType = wrapper.framework; path = WalletUtils.framework; sourceTree = BUILT_PRODUCTS_DIR; };
		DEC27E1A2A1A218400DBD0CA /* SwiftSignalKit.framework */ = {isa = PBXFileReference; explicitFileType = wrapper.framework; path = SwiftSignalKit.framework; sourceTree = BUILT_PRODUCTS_DIR; };
		DEEB39512A19586600532E7B /* QrCode.framework */ = {isa = PBXFileReference; explicitFileType = wrapper.framework; includeInIndex = 0; path = QrCode.framework; sourceTree = BUILT_PRODUCTS_DIR; };
		DEEB39542A19586600532E7B /* QrCode.h */ = {isa = PBXFileReference; lastKnownFileType = sourcecode.c.h; path = QrCode.h; sourceTree = "<group>"; };
		DEEB39552A19586600532E7B /* QrCode.docc */ = {isa = PBXFileReference; lastKnownFileType = folder.documentationcatalog; path = QrCode.docc; sourceTree = "<group>"; };
		DEEB395D2A19586D00532E7B /* QrCode.swift */ = {isa = PBXFileReference; lastKnownFileType = sourcecode.swift; path = QrCode.swift; sourceTree = "<group>"; };
/* End PBXFileReference section */

/* Begin PBXFrameworksBuildPhase section */
		DEEB394E2A19586600532E7B /* Frameworks */ = {
			isa = PBXFrameworksBuildPhase;
			buildActionMask = 2147483647;
			files = (
				DEC27E1B2A1A218400DBD0CA /* SwiftSignalKit.framework in Frameworks */,
				DE9F84712A1A22A5005F3F03 /* WalletUI.framework in Frameworks */,
				DE9F847B2A1A2416005F3F03 /* WalletUtils.framework in Frameworks */,
			);
			runOnlyForDeploymentPostprocessing = 0;
		};
/* End PBXFrameworksBuildPhase section */

/* Begin PBXGroup section */
		DEC27E192A1A218400DBD0CA /* Frameworks */ = {
			isa = PBXGroup;
			children = (
				DE9F847A2A1A2416005F3F03 /* WalletUtils.framework */,
				DE9F84702A1A22A5005F3F03 /* WalletUI.framework */,
				DEC27E1A2A1A218400DBD0CA /* SwiftSignalKit.framework */,
			);
			name = Frameworks;
			sourceTree = "<group>";
		};
		DEEB39472A19586600532E7B = {
			isa = PBXGroup;
			children = (
				DEEB39532A19586600532E7B /* QrCode */,
				DEEB39522A19586600532E7B /* Products */,
				DEC27E192A1A218400DBD0CA /* Frameworks */,
			);
			sourceTree = "<group>";
		};
		DEEB39522A19586600532E7B /* Products */ = {
			isa = PBXGroup;
			children = (
				DEEB39512A19586600532E7B /* QrCode.framework */,
			);
			name = Products;
			sourceTree = "<group>";
		};
		DEEB39532A19586600532E7B /* QrCode */ = {
			isa = PBXGroup;
			children = (
				DEEB39542A19586600532E7B /* QrCode.h */,
				DEEB39552A19586600532E7B /* QrCode.docc */,
				DEEB395D2A19586D00532E7B /* QrCode.swift */,
			);
			path = QrCode;
			sourceTree = "<group>";
		};
/* End PBXGroup section */

/* Begin PBXHeadersBuildPhase section */
		DEEB394C2A19586600532E7B /* Headers */ = {
			isa = PBXHeadersBuildPhase;
			buildActionMask = 2147483647;
			files = (
				DEEB39572A19586600532E7B /* QrCode.h in Headers */,
			);
			runOnlyForDeploymentPostprocessing = 0;
		};
/* End PBXHeadersBuildPhase section */

/* Begin PBXNativeTarget section */
		DEEB39502A19586600532E7B /* QrCode */ = {
			isa = PBXNativeTarget;
			buildConfigurationList = DEEB395A2A19586600532E7B /* Build configuration list for PBXNativeTarget "QrCode" */;
			buildPhases = (
				DEEB394C2A19586600532E7B /* Headers */,
				DEEB394D2A19586600532E7B /* Sources */,
				DEEB394E2A19586600532E7B /* Frameworks */,
				DEEB394F2A19586600532E7B /* Resources */,
				DEC27E1D2A1A218400DBD0CA /* Embed Frameworks */,
			);
			buildRules = (
			);
			dependencies = (
			);
			name = QrCode;
			productName = QrCode;
			productReference = DEEB39512A19586600532E7B /* QrCode.framework */;
			productType = "com.apple.product-type.framework";
		};
/* End PBXNativeTarget section */

/* Begin PBXProject section */
		DEEB39482A19586600532E7B /* Project object */ = {
			isa = PBXProject;
			attributes = {
				BuildIndependentTargetsInParallel = 1;
				LastUpgradeCheck = 1430;
				TargetAttributes = {
					DEEB39502A19586600532E7B = {
						CreatedOnToolsVersion = 14.3;
					};
				};
			};
			buildConfigurationList = DEEB394B2A19586600532E7B /* Build configuration list for PBXProject "QrCode" */;
			compatibilityVersion = "Xcode 14.0";
			developmentRegion = en;
			hasScannedForEncodings = 0;
			knownRegions = (
				en,
				Base,
			);
			mainGroup = DEEB39472A19586600532E7B;
			productRefGroup = DEEB39522A19586600532E7B /* Products */;
			projectDirPath = "";
			projectRoot = "";
			targets = (
				DEEB39502A19586600532E7B /* QrCode */,
			);
		};
/* End PBXProject section */

/* Begin PBXResourcesBuildPhase section */
		DEEB394F2A19586600532E7B /* Resources */ = {
			isa = PBXResourcesBuildPhase;
			buildActionMask = 2147483647;
			files = (
			);
			runOnlyForDeploymentPostprocessing = 0;
		};
/* End PBXResourcesBuildPhase section */

/* Begin PBXSourcesBuildPhase section */
		DEEB394D2A19586600532E7B /* Sources */ = {
			isa = PBXSourcesBuildPhase;
			buildActionMask = 2147483647;
			files = (
				DEEB39562A19586600532E7B /* QrCode.docc in Sources */,
				DEEB395E2A19586D00532E7B /* QrCode.swift in Sources */,
			);
			runOnlyForDeploymentPostprocessing = 0;
		};
/* End PBXSourcesBuildPhase section */

/* Begin XCBuildConfiguration section */
		DEEB39582A19586600532E7B /* Debug */ = {
			isa = XCBuildConfiguration;
			buildSettings = {
				ALWAYS_SEARCH_USER_PATHS = NO;
				CLANG_ANALYZER_NONNULL = YES;
				CLANG_ANALYZER_NUMBER_OBJECT_CONVERSION = YES_AGGRESSIVE;
				CLANG_CXX_LANGUAGE_STANDARD = "gnu++20";
				CLANG_ENABLE_MODULES = YES;
				CLANG_ENABLE_OBJC_ARC = YES;
				CLANG_ENABLE_OBJC_WEAK = YES;
				CLANG_WARN_BLOCK_CAPTURE_AUTORELEASING = YES;
				CLANG_WARN_BOOL_CONVERSION = YES;
				CLANG_WARN_COMMA = YES;
				CLANG_WARN_CONSTANT_CONVERSION = YES;
				CLANG_WARN_DEPRECATED_OBJC_IMPLEMENTATIONS = YES;
				CLANG_WARN_DIRECT_OBJC_ISA_USAGE = YES_ERROR;
				CLANG_WARN_DOCUMENTATION_COMMENTS = YES;
				CLANG_WARN_EMPTY_BODY = YES;
				CLANG_WARN_ENUM_CONVERSION = YES;
				CLANG_WARN_INFINITE_RECURSION = YES;
				CLANG_WARN_INT_CONVERSION = YES;
				CLANG_WARN_NON_LITERAL_NULL_CONVERSION = YES;
				CLANG_WARN_OBJC_IMPLICIT_RETAIN_SELF = YES;
				CLANG_WARN_OBJC_LITERAL_CONVERSION = YES;
				CLANG_WARN_OBJC_ROOT_CLASS = YES_ERROR;
				CLANG_WARN_QUOTED_INCLUDE_IN_FRAMEWORK_HEADER = YES;
				CLANG_WARN_RANGE_LOOP_ANALYSIS = YES;
				CLANG_WARN_STRICT_PROTOTYPES = YES;
				CLANG_WARN_SUSPICIOUS_MOVE = YES;
				CLANG_WARN_UNGUARDED_AVAILABILITY = YES_AGGRESSIVE;
				CLANG_WARN_UNREACHABLE_CODE = YES;
				CLANG_WARN__DUPLICATE_METHOD_MATCH = YES;
				COPY_PHASE_STRIP = NO;
				CURRENT_PROJECT_VERSION = 1;
				DEBUG_INFORMATION_FORMAT = dwarf;
				ENABLE_STRICT_OBJC_MSGSEND = YES;
				ENABLE_TESTABILITY = YES;
				GCC_C_LANGUAGE_STANDARD = gnu11;
				GCC_DYNAMIC_NO_PIC = NO;
				GCC_NO_COMMON_BLOCKS = YES;
				GCC_OPTIMIZATION_LEVEL = 0;
				GCC_PREPROCESSOR_DEFINITIONS = (
					"DEBUG=1",
					"$(inherited)",
				);
				GCC_WARN_64_TO_32_BIT_CONVERSION = YES;
				GCC_WARN_ABOUT_RETURN_TYPE = YES_ERROR;
				GCC_WARN_UNDECLARED_SELECTOR = YES;
				GCC_WARN_UNINITIALIZED_AUTOS = YES_AGGRESSIVE;
				GCC_WARN_UNUSED_FUNCTION = YES;
				GCC_WARN_UNUSED_VARIABLE = YES;
				IPHONEOS_DEPLOYMENT_TARGET = 14.0;
				MTL_ENABLE_DEBUG_INFO = INCLUDE_SOURCE;
				MTL_FAST_MATH = YES;
				ONLY_ACTIVE_ARCH = YES;
				SDKROOT = iphoneos;
				SWIFT_ACTIVE_COMPILATION_CONDITIONS = DEBUG;
				SWIFT_OPTIMIZATION_LEVEL = "-Onone";
				VERSIONING_SYSTEM = "apple-generic";
				VERSION_INFO_PREFIX = "";
			};
			name = Debug;
		};
		DEEB39592A19586600532E7B /* Release */ = {
			isa = XCBuildConfiguration;
			buildSettings = {
				ALWAYS_SEARCH_USER_PATHS = NO;
				CLANG_ANALYZER_NONNULL = YES;
				CLANG_ANALYZER_NUMBER_OBJECT_CONVERSION = YES_AGGRESSIVE;
				CLANG_CXX_LANGUAGE_STANDARD = "gnu++20";
				CLANG_ENABLE_MODULES = YES;
				CLANG_ENABLE_OBJC_ARC = YES;
				CLANG_ENABLE_OBJC_WEAK = YES;
				CLANG_WARN_BLOCK_CAPTURE_AUTORELEASING = YES;
				CLANG_WARN_BOOL_CONVERSION = YES;
				CLANG_WARN_COMMA = YES;
				CLANG_WARN_CONSTANT_CONVERSION = YES;
				CLANG_WARN_DEPRECATED_OBJC_IMPLEMENTATIONS = YES;
				CLANG_WARN_DIRECT_OBJC_ISA_USAGE = YES_ERROR;
				CLANG_WARN_DOCUMENTATION_COMMENTS = YES;
				CLANG_WARN_EMPTY_BODY = YES;
				CLANG_WARN_ENUM_CONVERSION = YES;
				CLANG_WARN_INFINITE_RECURSION = YES;
				CLANG_WARN_INT_CONVERSION = YES;
				CLANG_WARN_NON_LITERAL_NULL_CONVERSION = YES;
				CLANG_WARN_OBJC_IMPLICIT_RETAIN_SELF = YES;
				CLANG_WARN_OBJC_LITERAL_CONVERSION = YES;
				CLANG_WARN_OBJC_ROOT_CLASS = YES_ERROR;
				CLANG_WARN_QUOTED_INCLUDE_IN_FRAMEWORK_HEADER = YES;
				CLANG_WARN_RANGE_LOOP_ANALYSIS = YES;
				CLANG_WARN_STRICT_PROTOTYPES = YES;
				CLANG_WARN_SUSPICIOUS_MOVE = YES;
				CLANG_WARN_UNGUARDED_AVAILABILITY = YES_AGGRESSIVE;
				CLANG_WARN_UNREACHABLE_CODE = YES;
				CLANG_WARN__DUPLICATE_METHOD_MATCH = YES;
				COPY_PHASE_STRIP = NO;
				CURRENT_PROJECT_VERSION = 1;
				DEBUG_INFORMATION_FORMAT = "dwarf-with-dsym";
				ENABLE_NS_ASSERTIONS = NO;
				ENABLE_STRICT_OBJC_MSGSEND = YES;
				GCC_C_LANGUAGE_STANDARD = gnu11;
				GCC_NO_COMMON_BLOCKS = YES;
				GCC_WARN_64_TO_32_BIT_CONVERSION = YES;
				GCC_WARN_ABOUT_RETURN_TYPE = YES_ERROR;
				GCC_WARN_UNDECLARED_SELECTOR = YES;
				GCC_WARN_UNINITIALIZED_AUTOS = YES_AGGRESSIVE;
				GCC_WARN_UNUSED_FUNCTION = YES;
				GCC_WARN_UNUSED_VARIABLE = YES;
				IPHONEOS_DEPLOYMENT_TARGET = 14.0;
				MTL_ENABLE_DEBUG_INFO = NO;
				MTL_FAST_MATH = YES;
				SDKROOT = iphoneos;
				SWIFT_COMPILATION_MODE = wholemodule;
				SWIFT_OPTIMIZATION_LEVEL = "-O";
				VALIDATE_PRODUCT = YES;
				VERSIONING_SYSTEM = "apple-generic";
				VERSION_INFO_PREFIX = "";
			};
			name = Release;
		};
		DEEB395B2A19586600532E7B /* Debug */ = {
			isa = XCBuildConfiguration;
			buildSettings = {
				CODE_SIGN_STYLE = Automatic;
				CURRENT_PROJECT_VERSION = 1;
				DEFINES_MODULE = YES;
				DEVELOPMENT_TEAM = A8U85SKFPU;
				DYLIB_COMPATIBILITY_VERSION = 1;
				DYLIB_CURRENT_VERSION = 1;
				DYLIB_INSTALL_NAME_BASE = "@rpath";
				ENABLE_MODULE_VERIFIER = YES;
				GENERATE_INFOPLIST_FILE = YES;
				INFOPLIST_KEY_NSHumanReadableCopyright = "";
				INSTALL_PATH = "$(LOCAL_LIBRARY_DIR)/Frameworks";
				LD_RUNPATH_SEARCH_PATHS = (
					"$(inherited)",
					"@executable_path/Frameworks",
					"@loader_path/Frameworks",
				);
				MARKETING_VERSION = 1.0;
				MODULE_VERIFIER_SUPPORTED_LANGUAGES = "objective-c objective-c++";
				MODULE_VERIFIER_SUPPORTED_LANGUAGE_STANDARDS = "gnu11 gnu++20";
				PRODUCT_BUNDLE_IDENTIFIER = com.aurocheg.QrCode;
				PRODUCT_NAME = "$(TARGET_NAME:c99extidentifier)";
				SKIP_INSTALL = YES;
				SUPPORTED_PLATFORMS = "iphoneos iphonesimulator";
				SUPPORTS_MACCATALYST = NO;
				SUPPORTS_MAC_DESIGNED_FOR_IPHONE_IPAD = NO;
				SWIFT_EMIT_LOC_STRINGS = YES;
				SWIFT_VERSION = 5.0;
				TARGETED_DEVICE_FAMILY = 1;
			};
			name = Debug;
		};
		DEEB395C2A19586600532E7B /* Release */ = {
			isa = XCBuildConfiguration;
			buildSettings = {
				CODE_SIGN_STYLE = Automatic;
				CURRENT_PROJECT_VERSION = 1;
				DEFINES_MODULE = YES;
				DEVELOPMENT_TEAM = A8U85SKFPU;
				DYLIB_COMPATIBILITY_VERSION = 1;
				DYLIB_CURRENT_VERSION = 1;
				DYLIB_INSTALL_NAME_BASE = "@rpath";
				ENABLE_MODULE_VERIFIER = YES;
				GENERATE_INFOPLIST_FILE = YES;
				INFOPLIST_KEY_NSHumanReadableCopyright = "";
				INSTALL_PATH = "$(LOCAL_LIBRARY_DIR)/Frameworks";
				LD_RUNPATH_SEARCH_PATHS = (
					"$(inherited)",
					"@executable_path/Frameworks",
					"@loader_path/Frameworks",
				);
				MARKETING_VERSION = 1.0;
				MODULE_VERIFIER_SUPPORTED_LANGUAGES = "objective-c objective-c++";
				MODULE_VERIFIER_SUPPORTED_LANGUAGE_STANDARDS = "gnu11 gnu++20";
				PRODUCT_BUNDLE_IDENTIFIER = com.aurocheg.QrCode;
				PRODUCT_NAME = "$(TARGET_NAME:c99extidentifier)";
				SKIP_INSTALL = YES;
				SUPPORTED_PLATFORMS = "iphoneos iphonesimulator";
				SUPPORTS_MACCATALYST = NO;
				SUPPORTS_MAC_DESIGNED_FOR_IPHONE_IPAD = NO;
				SWIFT_EMIT_LOC_STRINGS = YES;
				SWIFT_VERSION = 5.0;
				TARGETED_DEVICE_FAMILY = 1;
			};
			name = Release;
		};
/* End XCBuildConfiguration section */

/* Begin XCConfigurationList section */
		DEEB394B2A19586600532E7B /* Build configuration list for PBXProject "QrCode" */ = {
			isa = XCConfigurationList;
			buildConfigurations = (
				DEEB39582A19586600532E7B /* Debug */,
				DEEB39592A19586600532E7B /* Release */,
			);
			defaultConfigurationIsVisible = 0;
			defaultConfigurationName = Release;
		};
		DEEB395A2A19586600532E7B /* Build configuration list for PBXNativeTarget "QrCode" */ = {
			isa = XCConfigurationList;
			buildConfigurations = (
				DEEB395B2A19586600532E7B /* Debug */,
				DEEB395C2A19586600532E7B /* Release */,
			);
			defaultConfigurationIsVisible = 0;
			defaultConfigurationName = Release;
		};
/* End XCConfigurationList section */
	};
	rootObject = DEEB39482A19586600532E7B /* Project object */;
}
